// !$*UTF8*$!
{
	archiveVersion = 1;
	classes = {
	};
	objectVersion = 45;
	objects = {

/* Begin PBXBuildFile section */
		0359DC5213DC0D500067D36D /* save.png in Resources */ = {isa = PBXBuildFile; fileRef = 0359DC5113DC0D500067D36D /* save.png */; };
		0359DC5613DC2CCD0067D36D /* info.png in Resources */ = {isa = PBXBuildFile; fileRef = 0359DC5513DC2CCD0067D36D /* info.png */; };
		0359DC6913DC3C740067D36D /* settings.png in Resources */ = {isa = PBXBuildFile; fileRef = 0359DC6813DC3C730067D36D /* settings.png */; };
		0372AE9C13FC4BBE00638C6A /* random.png in Resources */ = {isa = PBXBuildFile; fileRef = 0372AE9B13FC4BBE00638C6A /* random.png */; };
		0372AEA313FC5C2000638C6A /* info@2x.png in Resources */ = {isa = PBXBuildFile; fileRef = 0372AE9D13FC5C2000638C6A /* info@2x.png */; };
		0372AEA413FC5C2000638C6A /* mesh@2x.png in Resources */ = {isa = PBXBuildFile; fileRef = 0372AE9E13FC5C2000638C6A /* mesh@2x.png */; };
		0372AEA513FC5C2000638C6A /* photo-album@2x.png in Resources */ = {isa = PBXBuildFile; fileRef = 0372AE9F13FC5C2000638C6A /* photo-album@2x.png */; };
		0372AEA613FC5C2000638C6A /* random@2x.png in Resources */ = {isa = PBXBuildFile; fileRef = 0372AEA013FC5C2000638C6A /* random@2x.png */; };
		0372AEA713FC5C2000638C6A /* save@2x.png in Resources */ = {isa = PBXBuildFile; fileRef = 0372AEA113FC5C2000638C6A /* save@2x.png */; };
		0372AEA813FC5C2000638C6A /* settings@2x.png in Resources */ = {isa = PBXBuildFile; fileRef = 0372AEA213FC5C2000638C6A /* settings@2x.png */; };
		0383580513F3290400E1CA53 /* tinyxml.cpp in Sources */ = {isa = PBXBuildFile; fileRef = 038357FE13F3290400E1CA53 /* tinyxml.cpp */; };
		0383580613F3290400E1CA53 /* tinyxmlerror.cpp in Sources */ = {isa = PBXBuildFile; fileRef = 0383580013F3290400E1CA53 /* tinyxmlerror.cpp */; };
		0383580713F3290400E1CA53 /* tinyxmlparser.cpp in Sources */ = {isa = PBXBuildFile; fileRef = 0383580113F3290400E1CA53 /* tinyxmlparser.cpp */; };
		0383580813F3290400E1CA53 /* ofxXmlSettings.cpp in Sources */ = {isa = PBXBuildFile; fileRef = 0383580313F3290400E1CA53 /* ofxXmlSettings.cpp */; };
		0387B23F13EB2161000B8515 /* mesh.png in Resources */ = {isa = PBXBuildFile; fileRef = 0387B23B13EB2161000B8515 /* mesh.png */; };
		03B0642813CF7B4B00FA98FB /* GuiView.mm in Sources */ = {isa = PBXBuildFile; fileRef = 03B0642713CF7B4B00FA98FB /* GuiView.mm */; };
		03B0643413CF7CBF00FA98FB /* GuiView.xib in Resources */ = {isa = PBXBuildFile; fileRef = 03B0643313CF7CBF00FA98FB /* GuiView.xib */; };
		03BB9DB613DF354A0035E5C4 /* b2BroadPhase.cpp in Sources */ = {isa = PBXBuildFile; fileRef = 03BB9D5213DF354A0035E5C4 /* b2BroadPhase.cpp */; };
		03BB9DB713DF354A0035E5C4 /* b2CollideCircle.cpp in Sources */ = {isa = PBXBuildFile; fileRef = 03BB9D5413DF354A0035E5C4 /* b2CollideCircle.cpp */; };
		03BB9DB813DF354A0035E5C4 /* b2CollidePolygon.cpp in Sources */ = {isa = PBXBuildFile; fileRef = 03BB9D5513DF354A0035E5C4 /* b2CollidePolygon.cpp */; };
		03BB9DB913DF354A0035E5C4 /* b2Collision.cpp in Sources */ = {isa = PBXBuildFile; fileRef = 03BB9D5613DF354A0035E5C4 /* b2Collision.cpp */; };
		03BB9DBA13DF354A0035E5C4 /* b2Distance.cpp in Sources */ = {isa = PBXBuildFile; fileRef = 03BB9D5813DF354A0035E5C4 /* b2Distance.cpp */; };
		03BB9DBB13DF354A0035E5C4 /* b2DynamicTree.cpp in Sources */ = {isa = PBXBuildFile; fileRef = 03BB9D5A13DF354A0035E5C4 /* b2DynamicTree.cpp */; };
		03BB9DBC13DF354A0035E5C4 /* b2TimeOfImpact.cpp in Sources */ = {isa = PBXBuildFile; fileRef = 03BB9D5C13DF354A0035E5C4 /* b2TimeOfImpact.cpp */; };
		03BB9DBD13DF354A0035E5C4 /* b2CircleShape.cpp in Sources */ = {isa = PBXBuildFile; fileRef = 03BB9D5F13DF354A0035E5C4 /* b2CircleShape.cpp */; };
		03BB9DBE13DF354A0035E5C4 /* b2PolygonShape.cpp in Sources */ = {isa = PBXBuildFile; fileRef = 03BB9D6113DF354A0035E5C4 /* b2PolygonShape.cpp */; };
		03BB9DBF13DF354A0035E5C4 /* b2BlockAllocator.cpp in Sources */ = {isa = PBXBuildFile; fileRef = 03BB9D6513DF354A0035E5C4 /* b2BlockAllocator.cpp */; };
		03BB9DC013DF354A0035E5C4 /* b2Math.cpp in Sources */ = {isa = PBXBuildFile; fileRef = 03BB9D6713DF354A0035E5C4 /* b2Math.cpp */; };
		03BB9DC113DF354A0035E5C4 /* b2Settings.cpp in Sources */ = {isa = PBXBuildFile; fileRef = 03BB9D6913DF354A0035E5C4 /* b2Settings.cpp */; };
		03BB9DC213DF354A0035E5C4 /* b2StackAllocator.cpp in Sources */ = {isa = PBXBuildFile; fileRef = 03BB9D6B13DF354A0035E5C4 /* b2StackAllocator.cpp */; };
		03BB9DC313DF354A0035E5C4 /* b2Body.cpp in Sources */ = {isa = PBXBuildFile; fileRef = 03BB9D6E13DF354A0035E5C4 /* b2Body.cpp */; };
		03BB9DC413DF354A0035E5C4 /* b2ContactManager.cpp in Sources */ = {isa = PBXBuildFile; fileRef = 03BB9D7013DF354A0035E5C4 /* b2ContactManager.cpp */; };
		03BB9DC513DF354A0035E5C4 /* b2Fixture.cpp in Sources */ = {isa = PBXBuildFile; fileRef = 03BB9D7213DF354A0035E5C4 /* b2Fixture.cpp */; };
		03BB9DC613DF354A0035E5C4 /* b2Island.cpp in Sources */ = {isa = PBXBuildFile; fileRef = 03BB9D7413DF354A0035E5C4 /* b2Island.cpp */; };
		03BB9DC713DF354A0035E5C4 /* b2World.cpp in Sources */ = {isa = PBXBuildFile; fileRef = 03BB9D7713DF354A0035E5C4 /* b2World.cpp */; };
		03BB9DC813DF354A0035E5C4 /* b2WorldCallbacks.cpp in Sources */ = {isa = PBXBuildFile; fileRef = 03BB9D7913DF354A0035E5C4 /* b2WorldCallbacks.cpp */; };
		03BB9DC913DF354A0035E5C4 /* b2CircleContact.cpp in Sources */ = {isa = PBXBuildFile; fileRef = 03BB9D7C13DF354A0035E5C4 /* b2CircleContact.cpp */; };
		03BB9DCA13DF354A0035E5C4 /* b2Contact.cpp in Sources */ = {isa = PBXBuildFile; fileRef = 03BB9D7E13DF354A0035E5C4 /* b2Contact.cpp */; };
		03BB9DCB13DF354A0035E5C4 /* b2ContactSolver.cpp in Sources */ = {isa = PBXBuildFile; fileRef = 03BB9D8013DF354A0035E5C4 /* b2ContactSolver.cpp */; };
		03BB9DCC13DF354A0035E5C4 /* b2PolygonAndCircleContact.cpp in Sources */ = {isa = PBXBuildFile; fileRef = 03BB9D8213DF354A0035E5C4 /* b2PolygonAndCircleContact.cpp */; };
		03BB9DCD13DF354A0035E5C4 /* b2PolygonContact.cpp in Sources */ = {isa = PBXBuildFile; fileRef = 03BB9D8413DF354A0035E5C4 /* b2PolygonContact.cpp */; };
		03BB9DCE13DF354A0035E5C4 /* b2TOISolver.cpp in Sources */ = {isa = PBXBuildFile; fileRef = 03BB9D8613DF354A0035E5C4 /* b2TOISolver.cpp */; };
		03BB9DCF13DF354A0035E5C4 /* b2DistanceJoint.cpp in Sources */ = {isa = PBXBuildFile; fileRef = 03BB9D8913DF354A0035E5C4 /* b2DistanceJoint.cpp */; };
		03BB9DD013DF354A0035E5C4 /* b2FrictionJoint.cpp in Sources */ = {isa = PBXBuildFile; fileRef = 03BB9D8B13DF354A0035E5C4 /* b2FrictionJoint.cpp */; };
		03BB9DD113DF354A0035E5C4 /* b2GearJoint.cpp in Sources */ = {isa = PBXBuildFile; fileRef = 03BB9D8D13DF354A0035E5C4 /* b2GearJoint.cpp */; };
		03BB9DD213DF354A0035E5C4 /* b2Joint.cpp in Sources */ = {isa = PBXBuildFile; fileRef = 03BB9D8F13DF354A0035E5C4 /* b2Joint.cpp */; };
		03BB9DD313DF354A0035E5C4 /* b2LineJoint.cpp in Sources */ = {isa = PBXBuildFile; fileRef = 03BB9D9113DF354A0035E5C4 /* b2LineJoint.cpp */; };
		03BB9DD413DF354A0035E5C4 /* b2MouseJoint.cpp in Sources */ = {isa = PBXBuildFile; fileRef = 03BB9D9313DF354A0035E5C4 /* b2MouseJoint.cpp */; };
		03BB9DD513DF354A0035E5C4 /* b2PrismaticJoint.cpp in Sources */ = {isa = PBXBuildFile; fileRef = 03BB9D9513DF354A0035E5C4 /* b2PrismaticJoint.cpp */; };
		03BB9DD613DF354A0035E5C4 /* b2PulleyJoint.cpp in Sources */ = {isa = PBXBuildFile; fileRef = 03BB9D9713DF354A0035E5C4 /* b2PulleyJoint.cpp */; };
		03BB9DD713DF354A0035E5C4 /* b2RevoluteJoint.cpp in Sources */ = {isa = PBXBuildFile; fileRef = 03BB9D9913DF354A0035E5C4 /* b2RevoluteJoint.cpp */; };
		03BB9DD813DF354A0035E5C4 /* b2WeldJoint.cpp in Sources */ = {isa = PBXBuildFile; fileRef = 03BB9D9B13DF354A0035E5C4 /* b2WeldJoint.cpp */; };
		03BB9DD913DF354A0035E5C4 /* del_impl.cpp in Sources */ = {isa = PBXBuildFile; fileRef = 03BB9D9F13DF354A0035E5C4 /* del_impl.cpp */; };
		03BB9DDA13DF354A0035E5C4 /* ofxBox2d.cpp in Sources */ = {isa = PBXBuildFile; fileRef = 03BB9DA513DF354A0035E5C4 /* ofxBox2d.cpp */; };
		03BB9DDB13DF354A0035E5C4 /* ofxBox2dBaseShape.cpp in Sources */ = {isa = PBXBuildFile; fileRef = 03BB9DA713DF354A0035E5C4 /* ofxBox2dBaseShape.cpp */; };
		03BB9DDC13DF354A0035E5C4 /* ofxBox2dCircle.cpp in Sources */ = {isa = PBXBuildFile; fileRef = 03BB9DA913DF354A0035E5C4 /* ofxBox2dCircle.cpp */; };
		03BB9DDD13DF354A0035E5C4 /* ofxBox2dJoint.cpp in Sources */ = {isa = PBXBuildFile; fileRef = 03BB9DAC13DF354A0035E5C4 /* ofxBox2dJoint.cpp */; };
		03BB9DDE13DF354A0035E5C4 /* ofxBox2dPolygon.cpp in Sources */ = {isa = PBXBuildFile; fileRef = 03BB9DAE13DF354A0035E5C4 /* ofxBox2dPolygon.cpp */; };
		03BB9DDF13DF354A0035E5C4 /* ofxBox2dRect.cpp in Sources */ = {isa = PBXBuildFile; fileRef = 03BB9DB113DF354A0035E5C4 /* ofxBox2dRect.cpp */; };
		03D784FF13EDD99000C228A8 /* info-view.png in Resources */ = {isa = PBXBuildFile; fileRef = 03D784FC13EDD99000C228A8 /* info-view.png */; };
		03D7850013EDD99000C228A8 /* mesh-view.png in Resources */ = {isa = PBXBuildFile; fileRef = 03D784FD13EDD99000C228A8 /* mesh-view.png */; };
		03D7850113EDD99000C228A8 /* physics-view.png in Resources */ = {isa = PBXBuildFile; fileRef = 03D784FE13EDD99000C228A8 /* physics-view.png */; };
		03DDF11513D8C80200F33D8C /* Default-Landscape~ipad.png in Resources */ = {isa = PBXBuildFile; fileRef = 03DDF10E13D8C80200F33D8C /* Default-Landscape~ipad.png */; };
		03DDF11613D8C80200F33D8C /* Default-Portrait~ipad.png in Resources */ = {isa = PBXBuildFile; fileRef = 03DDF10F13D8C80200F33D8C /* Default-Portrait~ipad.png */; };
		03DDF11713D8C80200F33D8C /* Default.png in Resources */ = {isa = PBXBuildFile; fileRef = 03DDF11013D8C80200F33D8C /* Default.png */; };
		03DDF11813D8C80200F33D8C /* Default@2x.png in Resources */ = {isa = PBXBuildFile; fileRef = 03DDF11113D8C80200F33D8C /* Default@2x.png */; };
		03DDF11913D8C80200F33D8C /* Icon-72.png in Resources */ = {isa = PBXBuildFile; fileRef = 03DDF11213D8C80200F33D8C /* Icon-72.png */; };
		03DDF11A13D8C80200F33D8C /* Icon.png in Resources */ = {isa = PBXBuildFile; fileRef = 03DDF11313D8C80200F33D8C /* Icon.png */; };
		03DDF11B13D8C80200F33D8C /* Icon@x2.png in Resources */ = {isa = PBXBuildFile; fileRef = 03DDF11413D8C80200F33D8C /* Icon@x2.png */; };
		03DE1DE413F6639500DBB0A8 /* rs-avatar.png in Resources */ = {isa = PBXBuildFile; fileRef = 03DE1DE313F6639500DBB0A8 /* rs-avatar.png */; };
		03DE1DE613F664BF00DBB0A8 /* CAN-logo.png in Resources */ = {isa = PBXBuildFile; fileRef = 03DE1DE513F664BF00DBB0A8 /* CAN-logo.png */; };
		03FE97A913F090F700F53017 /* photo-album.png in Resources */ = {isa = PBXBuildFile; fileRef = 03FE97A713F090F700F53017 /* photo-album.png */; };
		1D60589F0D05DD5A006BFB54 /* Foundation.framework in Frameworks */ = {isa = PBXBuildFile; fileRef = 1D30AB110D05D00D00671497 /* Foundation.framework */; };
		1DF5F4E00D08C38300B7A737 /* UIKit.framework in Frameworks */ = {isa = PBXBuildFile; fileRef = 1DF5F4DF0D08C38300B7A737 /* UIKit.framework */; };
		288765FD0DF74451002DB57D /* CoreGraphics.framework in Frameworks */ = {isa = PBXBuildFile; fileRef = 288765FC0DF74451002DB57D /* CoreGraphics.framework */; };
		5326AEA810A23A0500278DE6 /* CoreLocation.framework in Frameworks */ = {isa = PBXBuildFile; fileRef = 5326AEA710A23A0500278DE6 /* CoreLocation.framework */; };
		53F323EB10A20EDB00E0DAE4 /* OpenAL.framework in Frameworks */ = {isa = PBXBuildFile; fileRef = 53F323EA10A20EDB00E0DAE4 /* OpenAL.framework */; };
		BB16EBD20F2B2A9500518274 /* OpenGLES.framework in Frameworks */ = {isa = PBXBuildFile; fileRef = BB16EBD10F2B2A9500518274 /* OpenGLES.framework */; };
		BB16EBD90F2B2AB500518274 /* QuartzCore.framework in Frameworks */ = {isa = PBXBuildFile; fileRef = BB16EBD80F2B2AB500518274 /* QuartzCore.framework */; };
		BB24DDCA10DA781C00E9C588 /* ofxiphone-Info.plist in Resources */ = {isa = PBXBuildFile; fileRef = BB24DDC910DA781C00E9C588 /* ofxiphone-Info.plist */; };
		BBE5EAB80F49AD8400F28951 /* AudioToolbox.framework in Frameworks */ = {isa = PBXBuildFile; fileRef = BBE5EAB70F49AD8400F28951 /* AudioToolbox.framework */; };
		DC8B5B7C13FA5636003BF468 /* line.png in Resources */ = {isa = PBXBuildFile; fileRef = DC8B5B7B13FA5636003BF468 /* line.png */; };
		DCC19C6A13FA76C900507F97 /* CAN-logohd.png in Resources */ = {isa = PBXBuildFile; fileRef = DCC19C6913FA76C900507F97 /* CAN-logohd.png */; };
		DCECE74C13F9DA8C006232BE /* menubar.png in Resources */ = {isa = PBXBuildFile; fileRef = DCECE74B13F9DA8C006232BE /* menubar.png */; };
		E41D3ED713B38FB500A75A5D /* Project.xcconfig in Resources */ = {isa = PBXBuildFile; fileRef = E41D3ED613B38FB500A75A5D /* Project.xcconfig */; };
		E41D3EE613B3906D00A75A5D /* CoreOF.xcconfig in Resources */ = {isa = PBXBuildFile; fileRef = E41D3EE513B3906D00A75A5D /* CoreOF.xcconfig */; };
		E41D400B13B39D2100A75A5D /* AVFoundation.framework in Frameworks */ = {isa = PBXBuildFile; fileRef = E41D400613B39D2100A75A5D /* AVFoundation.framework */; };
		E41D400C13B39D2100A75A5D /* CoreMedia.framework in Frameworks */ = {isa = PBXBuildFile; fileRef = E41D400713B39D2100A75A5D /* CoreMedia.framework */; };
		E41D400D13B39D2100A75A5D /* CoreVideo.framework in Frameworks */ = {isa = PBXBuildFile; fileRef = E41D400813B39D2100A75A5D /* CoreVideo.framework */; };
		E41D400E13B39D2100A75A5D /* MapKit.framework in Frameworks */ = {isa = PBXBuildFile; fileRef = E41D400913B39D2100A75A5D /* MapKit.framework */; };
		E41D421413B3A95300A75A5D /* libofxiPhone_iphoneos_Debug.a in Frameworks */ = {isa = PBXBuildFile; fileRef = E41D410213B3A0D800A75A5D /* libofxiPhone_iphoneos_Debug.a */; };
		E4A823A412561BE3002F86A2 /* CoreGraphics.framework in Frameworks */ = {isa = PBXBuildFile; fileRef = E4A823A312561BE3002F86A2 /* CoreGraphics.framework */; };
		E4D8936E11527B74007E1F53 /* main.mm in Sources */ = {isa = PBXBuildFile; fileRef = E4D8936B11527B74007E1F53 /* main.mm */; };
		E4D8936F11527B74007E1F53 /* testApp.mm in Sources */ = {isa = PBXBuildFile; fileRef = E4D8936D11527B74007E1F53 /* testApp.mm */; };
/* End PBXBuildFile section */

/* Begin PBXContainerItemProxy section */
		E41D410113B3A0D800A75A5D /* PBXContainerItemProxy */ = {
			isa = PBXContainerItemProxy;
			containerPortal = E41D40FD13B3A0D800A75A5D /* iPhone+OF Lib.xcodeproj */;
			proxyType = 2;
			remoteGlobalIDString = BB24DED610DA7A3F00E9C588;
			remoteInfo = "iPhone+OF Static Library";
		};
		E41D410313B3A11300A75A5D /* PBXContainerItemProxy */ = {
			isa = PBXContainerItemProxy;
			containerPortal = E41D40FD13B3A0D800A75A5D /* iPhone+OF Lib.xcodeproj */;
			proxyType = 1;
			remoteGlobalIDString = BB24DE5C10DA7A3F00E9C588;
			remoteInfo = "iPhone+OF Static Library";
		};
/* End PBXContainerItemProxy section */

/* Begin PBXFileReference section */
		0359DC5113DC0D500067D36D /* save.png */ = {isa = PBXFileReference; lastKnownFileType = image.png; name = save.png; path = "button icons/save.png"; sourceTree = "<group>"; };
		0359DC5513DC2CCD0067D36D /* info.png */ = {isa = PBXFileReference; lastKnownFileType = image.png; name = info.png; path = "button icons/info.png"; sourceTree = "<group>"; };
		0359DC6813DC3C730067D36D /* settings.png */ = {isa = PBXFileReference; lastKnownFileType = image.png; name = settings.png; path = "button icons/settings.png"; sourceTree = "<group>"; };
		0372AE8E13FC434200638C6A /* MSAShape3D.h */ = {isa = PBXFileReference; fileEncoding = 4; lastKnownFileType = sourcecode.c.h; path = MSAShape3D.h; sourceTree = "<group>"; };
		0372AE9B13FC4BBE00638C6A /* random.png */ = {isa = PBXFileReference; lastKnownFileType = image.png; name = random.png; path = "button icons/random.png"; sourceTree = "<group>"; };
		0372AE9D13FC5C2000638C6A /* info@2x.png */ = {isa = PBXFileReference; lastKnownFileType = image.png; name = "info@2x.png"; path = "button icons/info@2x.png"; sourceTree = "<group>"; };
		0372AE9E13FC5C2000638C6A /* mesh@2x.png */ = {isa = PBXFileReference; lastKnownFileType = image.png; name = "mesh@2x.png"; path = "button icons/mesh@2x.png"; sourceTree = "<group>"; };
		0372AE9F13FC5C2000638C6A /* photo-album@2x.png */ = {isa = PBXFileReference; lastKnownFileType = image.png; name = "photo-album@2x.png"; path = "button icons/photo-album@2x.png"; sourceTree = "<group>"; };
		0372AEA013FC5C2000638C6A /* random@2x.png */ = {isa = PBXFileReference; lastKnownFileType = image.png; name = "random@2x.png"; path = "button icons/random@2x.png"; sourceTree = "<group>"; };
		0372AEA113FC5C2000638C6A /* save@2x.png */ = {isa = PBXFileReference; lastKnownFileType = image.png; name = "save@2x.png"; path = "button icons/save@2x.png"; sourceTree = "<group>"; };
		0372AEA213FC5C2000638C6A /* settings@2x.png */ = {isa = PBXFileReference; lastKnownFileType = image.png; name = "settings@2x.png"; path = "button icons/settings@2x.png"; sourceTree = "<group>"; };
		038357FE13F3290400E1CA53 /* tinyxml.cpp */ = {isa = PBXFileReference; fileEncoding = 4; lastKnownFileType = sourcecode.cpp.cpp; path = tinyxml.cpp; sourceTree = "<group>"; };
		038357FF13F3290400E1CA53 /* tinyxml.h */ = {isa = PBXFileReference; fileEncoding = 4; lastKnownFileType = sourcecode.c.h; path = tinyxml.h; sourceTree = "<group>"; };
		0383580013F3290400E1CA53 /* tinyxmlerror.cpp */ = {isa = PBXFileReference; fileEncoding = 4; lastKnownFileType = sourcecode.cpp.cpp; path = tinyxmlerror.cpp; sourceTree = "<group>"; };
		0383580113F3290400E1CA53 /* tinyxmlparser.cpp */ = {isa = PBXFileReference; fileEncoding = 4; lastKnownFileType = sourcecode.cpp.cpp; path = tinyxmlparser.cpp; sourceTree = "<group>"; };
		0383580313F3290400E1CA53 /* ofxXmlSettings.cpp */ = {isa = PBXFileReference; fileEncoding = 4; lastKnownFileType = sourcecode.cpp.cpp; path = ofxXmlSettings.cpp; sourceTree = "<group>"; };
		0383580413F3290400E1CA53 /* ofxXmlSettings.h */ = {isa = PBXFileReference; fileEncoding = 4; lastKnownFileType = sourcecode.c.h; path = ofxXmlSettings.h; sourceTree = "<group>"; };
		0387B23B13EB2161000B8515 /* mesh.png */ = {isa = PBXFileReference; lastKnownFileType = image.png; name = mesh.png; path = "button icons/mesh.png"; sourceTree = "<group>"; };
		03B0642613CF7B4B00FA98FB /* GuiView.h */ = {isa = PBXFileReference; fileEncoding = 4; lastKnownFileType = sourcecode.c.h; name = GuiView.h; path = gui/GuiView.h; sourceTree = "<group>"; };
		03B0642713CF7B4B00FA98FB /* GuiView.mm */ = {isa = PBXFileReference; fileEncoding = 4; lastKnownFileType = sourcecode.cpp.objcpp; name = GuiView.mm; path = gui/GuiView.mm; sourceTree = "<group>"; };
		03B0643313CF7CBF00FA98FB /* GuiView.xib */ = {isa = PBXFileReference; lastKnownFileType = file.xib; name = GuiView.xib; path = gui/GuiView.xib; sourceTree = "<group>"; };
		03BB9D5013DF354A0035E5C4 /* Box2D.h */ = {isa = PBXFileReference; fileEncoding = 4; lastKnownFileType = sourcecode.c.h; path = Box2D.h; sourceTree = "<group>"; };
		03BB9D5213DF354A0035E5C4 /* b2BroadPhase.cpp */ = {isa = PBXFileReference; fileEncoding = 4; lastKnownFileType = sourcecode.cpp.cpp; path = b2BroadPhase.cpp; sourceTree = "<group>"; };
		03BB9D5313DF354A0035E5C4 /* b2BroadPhase.h */ = {isa = PBXFileReference; fileEncoding = 4; lastKnownFileType = sourcecode.c.h; path = b2BroadPhase.h; sourceTree = "<group>"; };
		03BB9D5413DF354A0035E5C4 /* b2CollideCircle.cpp */ = {isa = PBXFileReference; fileEncoding = 4; lastKnownFileType = sourcecode.cpp.cpp; path = b2CollideCircle.cpp; sourceTree = "<group>"; };
		03BB9D5513DF354A0035E5C4 /* b2CollidePolygon.cpp */ = {isa = PBXFileReference; fileEncoding = 4; lastKnownFileType = sourcecode.cpp.cpp; path = b2CollidePolygon.cpp; sourceTree = "<group>"; };
		03BB9D5613DF354A0035E5C4 /* b2Collision.cpp */ = {isa = PBXFileReference; fileEncoding = 4; lastKnownFileType = sourcecode.cpp.cpp; path = b2Collision.cpp; sourceTree = "<group>"; };
		03BB9D5713DF354A0035E5C4 /* b2Collision.h */ = {isa = PBXFileReference; fileEncoding = 4; lastKnownFileType = sourcecode.c.h; path = b2Collision.h; sourceTree = "<group>"; };
		03BB9D5813DF354A0035E5C4 /* b2Distance.cpp */ = {isa = PBXFileReference; fileEncoding = 4; lastKnownFileType = sourcecode.cpp.cpp; path = b2Distance.cpp; sourceTree = "<group>"; };
		03BB9D5913DF354A0035E5C4 /* b2Distance.h */ = {isa = PBXFileReference; fileEncoding = 4; lastKnownFileType = sourcecode.c.h; path = b2Distance.h; sourceTree = "<group>"; };
		03BB9D5A13DF354A0035E5C4 /* b2DynamicTree.cpp */ = {isa = PBXFileReference; fileEncoding = 4; lastKnownFileType = sourcecode.cpp.cpp; path = b2DynamicTree.cpp; sourceTree = "<group>"; };
		03BB9D5B13DF354A0035E5C4 /* b2DynamicTree.h */ = {isa = PBXFileReference; fileEncoding = 4; lastKnownFileType = sourcecode.c.h; path = b2DynamicTree.h; sourceTree = "<group>"; };
		03BB9D5C13DF354A0035E5C4 /* b2TimeOfImpact.cpp */ = {isa = PBXFileReference; fileEncoding = 4; lastKnownFileType = sourcecode.cpp.cpp; path = b2TimeOfImpact.cpp; sourceTree = "<group>"; };
		03BB9D5D13DF354A0035E5C4 /* b2TimeOfImpact.h */ = {isa = PBXFileReference; fileEncoding = 4; lastKnownFileType = sourcecode.c.h; path = b2TimeOfImpact.h; sourceTree = "<group>"; };
		03BB9D5F13DF354A0035E5C4 /* b2CircleShape.cpp */ = {isa = PBXFileReference; fileEncoding = 4; lastKnownFileType = sourcecode.cpp.cpp; path = b2CircleShape.cpp; sourceTree = "<group>"; };
		03BB9D6013DF354A0035E5C4 /* b2CircleShape.h */ = {isa = PBXFileReference; fileEncoding = 4; lastKnownFileType = sourcecode.c.h; path = b2CircleShape.h; sourceTree = "<group>"; };
		03BB9D6113DF354A0035E5C4 /* b2PolygonShape.cpp */ = {isa = PBXFileReference; fileEncoding = 4; lastKnownFileType = sourcecode.cpp.cpp; path = b2PolygonShape.cpp; sourceTree = "<group>"; };
		03BB9D6213DF354A0035E5C4 /* b2PolygonShape.h */ = {isa = PBXFileReference; fileEncoding = 4; lastKnownFileType = sourcecode.c.h; path = b2PolygonShape.h; sourceTree = "<group>"; };
		03BB9D6313DF354A0035E5C4 /* b2Shape.h */ = {isa = PBXFileReference; fileEncoding = 4; lastKnownFileType = sourcecode.c.h; path = b2Shape.h; sourceTree = "<group>"; };
		03BB9D6513DF354A0035E5C4 /* b2BlockAllocator.cpp */ = {isa = PBXFileReference; fileEncoding = 4; lastKnownFileType = sourcecode.cpp.cpp; path = b2BlockAllocator.cpp; sourceTree = "<group>"; };
		03BB9D6613DF354A0035E5C4 /* b2BlockAllocator.h */ = {isa = PBXFileReference; fileEncoding = 4; lastKnownFileType = sourcecode.c.h; path = b2BlockAllocator.h; sourceTree = "<group>"; };
		03BB9D6713DF354A0035E5C4 /* b2Math.cpp */ = {isa = PBXFileReference; fileEncoding = 4; lastKnownFileType = sourcecode.cpp.cpp; path = b2Math.cpp; sourceTree = "<group>"; };
		03BB9D6813DF354A0035E5C4 /* b2Math.h */ = {isa = PBXFileReference; fileEncoding = 4; lastKnownFileType = sourcecode.c.h; path = b2Math.h; sourceTree = "<group>"; };
		03BB9D6913DF354A0035E5C4 /* b2Settings.cpp */ = {isa = PBXFileReference; fileEncoding = 4; lastKnownFileType = sourcecode.cpp.cpp; path = b2Settings.cpp; sourceTree = "<group>"; };
		03BB9D6A13DF354A0035E5C4 /* b2Settings.h */ = {isa = PBXFileReference; fileEncoding = 4; lastKnownFileType = sourcecode.c.h; path = b2Settings.h; sourceTree = "<group>"; };
		03BB9D6B13DF354A0035E5C4 /* b2StackAllocator.cpp */ = {isa = PBXFileReference; fileEncoding = 4; lastKnownFileType = sourcecode.cpp.cpp; path = b2StackAllocator.cpp; sourceTree = "<group>"; };
		03BB9D6C13DF354A0035E5C4 /* b2StackAllocator.h */ = {isa = PBXFileReference; fileEncoding = 4; lastKnownFileType = sourcecode.c.h; path = b2StackAllocator.h; sourceTree = "<group>"; };
		03BB9D6E13DF354A0035E5C4 /* b2Body.cpp */ = {isa = PBXFileReference; fileEncoding = 4; lastKnownFileType = sourcecode.cpp.cpp; path = b2Body.cpp; sourceTree = "<group>"; };
		03BB9D6F13DF354A0035E5C4 /* b2Body.h */ = {isa = PBXFileReference; fileEncoding = 4; lastKnownFileType = sourcecode.c.h; path = b2Body.h; sourceTree = "<group>"; };
		03BB9D7013DF354A0035E5C4 /* b2ContactManager.cpp */ = {isa = PBXFileReference; fileEncoding = 4; lastKnownFileType = sourcecode.cpp.cpp; path = b2ContactManager.cpp; sourceTree = "<group>"; };
		03BB9D7113DF354A0035E5C4 /* b2ContactManager.h */ = {isa = PBXFileReference; fileEncoding = 4; lastKnownFileType = sourcecode.c.h; path = b2ContactManager.h; sourceTree = "<group>"; };
		03BB9D7213DF354A0035E5C4 /* b2Fixture.cpp */ = {isa = PBXFileReference; fileEncoding = 4; lastKnownFileType = sourcecode.cpp.cpp; path = b2Fixture.cpp; sourceTree = "<group>"; };
		03BB9D7313DF354A0035E5C4 /* b2Fixture.h */ = {isa = PBXFileReference; fileEncoding = 4; lastKnownFileType = sourcecode.c.h; path = b2Fixture.h; sourceTree = "<group>"; };
		03BB9D7413DF354A0035E5C4 /* b2Island.cpp */ = {isa = PBXFileReference; fileEncoding = 4; lastKnownFileType = sourcecode.cpp.cpp; path = b2Island.cpp; sourceTree = "<group>"; };
		03BB9D7513DF354A0035E5C4 /* b2Island.h */ = {isa = PBXFileReference; fileEncoding = 4; lastKnownFileType = sourcecode.c.h; path = b2Island.h; sourceTree = "<group>"; };
		03BB9D7613DF354A0035E5C4 /* b2TimeStep.h */ = {isa = PBXFileReference; fileEncoding = 4; lastKnownFileType = sourcecode.c.h; path = b2TimeStep.h; sourceTree = "<group>"; };
		03BB9D7713DF354A0035E5C4 /* b2World.cpp */ = {isa = PBXFileReference; fileEncoding = 4; lastKnownFileType = sourcecode.cpp.cpp; path = b2World.cpp; sourceTree = "<group>"; };
		03BB9D7813DF354A0035E5C4 /* b2World.h */ = {isa = PBXFileReference; fileEncoding = 4; lastKnownFileType = sourcecode.c.h; path = b2World.h; sourceTree = "<group>"; };
		03BB9D7913DF354A0035E5C4 /* b2WorldCallbacks.cpp */ = {isa = PBXFileReference; fileEncoding = 4; lastKnownFileType = sourcecode.cpp.cpp; path = b2WorldCallbacks.cpp; sourceTree = "<group>"; };
		03BB9D7A13DF354A0035E5C4 /* b2WorldCallbacks.h */ = {isa = PBXFileReference; fileEncoding = 4; lastKnownFileType = sourcecode.c.h; path = b2WorldCallbacks.h; sourceTree = "<group>"; };
		03BB9D7C13DF354A0035E5C4 /* b2CircleContact.cpp */ = {isa = PBXFileReference; fileEncoding = 4; lastKnownFileType = sourcecode.cpp.cpp; path = b2CircleContact.cpp; sourceTree = "<group>"; };
		03BB9D7D13DF354A0035E5C4 /* b2CircleContact.h */ = {isa = PBXFileReference; fileEncoding = 4; lastKnownFileType = sourcecode.c.h; path = b2CircleContact.h; sourceTree = "<group>"; };
		03BB9D7E13DF354A0035E5C4 /* b2Contact.cpp */ = {isa = PBXFileReference; fileEncoding = 4; lastKnownFileType = sourcecode.cpp.cpp; path = b2Contact.cpp; sourceTree = "<group>"; };
		03BB9D7F13DF354A0035E5C4 /* b2Contact.h */ = {isa = PBXFileReference; fileEncoding = 4; lastKnownFileType = sourcecode.c.h; path = b2Contact.h; sourceTree = "<group>"; };
		03BB9D8013DF354A0035E5C4 /* b2ContactSolver.cpp */ = {isa = PBXFileReference; fileEncoding = 4; lastKnownFileType = sourcecode.cpp.cpp; path = b2ContactSolver.cpp; sourceTree = "<group>"; };
		03BB9D8113DF354A0035E5C4 /* b2ContactSolver.h */ = {isa = PBXFileReference; fileEncoding = 4; lastKnownFileType = sourcecode.c.h; path = b2ContactSolver.h; sourceTree = "<group>"; };
		03BB9D8213DF354A0035E5C4 /* b2PolygonAndCircleContact.cpp */ = {isa = PBXFileReference; fileEncoding = 4; lastKnownFileType = sourcecode.cpp.cpp; path = b2PolygonAndCircleContact.cpp; sourceTree = "<group>"; };
		03BB9D8313DF354A0035E5C4 /* b2PolygonAndCircleContact.h */ = {isa = PBXFileReference; fileEncoding = 4; lastKnownFileType = sourcecode.c.h; path = b2PolygonAndCircleContact.h; sourceTree = "<group>"; };
		03BB9D8413DF354A0035E5C4 /* b2PolygonContact.cpp */ = {isa = PBXFileReference; fileEncoding = 4; lastKnownFileType = sourcecode.cpp.cpp; path = b2PolygonContact.cpp; sourceTree = "<group>"; };
		03BB9D8513DF354A0035E5C4 /* b2PolygonContact.h */ = {isa = PBXFileReference; fileEncoding = 4; lastKnownFileType = sourcecode.c.h; path = b2PolygonContact.h; sourceTree = "<group>"; };
		03BB9D8613DF354A0035E5C4 /* b2TOISolver.cpp */ = {isa = PBXFileReference; fileEncoding = 4; lastKnownFileType = sourcecode.cpp.cpp; path = b2TOISolver.cpp; sourceTree = "<group>"; };
		03BB9D8713DF354A0035E5C4 /* b2TOISolver.h */ = {isa = PBXFileReference; fileEncoding = 4; lastKnownFileType = sourcecode.c.h; path = b2TOISolver.h; sourceTree = "<group>"; };
		03BB9D8913DF354A0035E5C4 /* b2DistanceJoint.cpp */ = {isa = PBXFileReference; fileEncoding = 4; lastKnownFileType = sourcecode.cpp.cpp; path = b2DistanceJoint.cpp; sourceTree = "<group>"; };
		03BB9D8A13DF354A0035E5C4 /* b2DistanceJoint.h */ = {isa = PBXFileReference; fileEncoding = 4; lastKnownFileType = sourcecode.c.h; path = b2DistanceJoint.h; sourceTree = "<group>"; };
		03BB9D8B13DF354A0035E5C4 /* b2FrictionJoint.cpp */ = {isa = PBXFileReference; fileEncoding = 4; lastKnownFileType = sourcecode.cpp.cpp; path = b2FrictionJoint.cpp; sourceTree = "<group>"; };
		03BB9D8C13DF354A0035E5C4 /* b2FrictionJoint.h */ = {isa = PBXFileReference; fileEncoding = 4; lastKnownFileType = sourcecode.c.h; path = b2FrictionJoint.h; sourceTree = "<group>"; };
		03BB9D8D13DF354A0035E5C4 /* b2GearJoint.cpp */ = {isa = PBXFileReference; fileEncoding = 4; lastKnownFileType = sourcecode.cpp.cpp; path = b2GearJoint.cpp; sourceTree = "<group>"; };
		03BB9D8E13DF354A0035E5C4 /* b2GearJoint.h */ = {isa = PBXFileReference; fileEncoding = 4; lastKnownFileType = sourcecode.c.h; path = b2GearJoint.h; sourceTree = "<group>"; };
		03BB9D8F13DF354A0035E5C4 /* b2Joint.cpp */ = {isa = PBXFileReference; fileEncoding = 4; lastKnownFileType = sourcecode.cpp.cpp; path = b2Joint.cpp; sourceTree = "<group>"; };
		03BB9D9013DF354A0035E5C4 /* b2Joint.h */ = {isa = PBXFileReference; fileEncoding = 4; lastKnownFileType = sourcecode.c.h; path = b2Joint.h; sourceTree = "<group>"; };
		03BB9D9113DF354A0035E5C4 /* b2LineJoint.cpp */ = {isa = PBXFileReference; fileEncoding = 4; lastKnownFileType = sourcecode.cpp.cpp; path = b2LineJoint.cpp; sourceTree = "<group>"; };
		03BB9D9213DF354A0035E5C4 /* b2LineJoint.h */ = {isa = PBXFileReference; fileEncoding = 4; lastKnownFileType = sourcecode.c.h; path = b2LineJoint.h; sourceTree = "<group>"; };
		03BB9D9313DF354A0035E5C4 /* b2MouseJoint.cpp */ = {isa = PBXFileReference; fileEncoding = 4; lastKnownFileType = sourcecode.cpp.cpp; path = b2MouseJoint.cpp; sourceTree = "<group>"; };
		03BB9D9413DF354A0035E5C4 /* b2MouseJoint.h */ = {isa = PBXFileReference; fileEncoding = 4; lastKnownFileType = sourcecode.c.h; path = b2MouseJoint.h; sourceTree = "<group>"; };
		03BB9D9513DF354A0035E5C4 /* b2PrismaticJoint.cpp */ = {isa = PBXFileReference; fileEncoding = 4; lastKnownFileType = sourcecode.cpp.cpp; path = b2PrismaticJoint.cpp; sourceTree = "<group>"; };
		03BB9D9613DF354A0035E5C4 /* b2PrismaticJoint.h */ = {isa = PBXFileReference; fileEncoding = 4; lastKnownFileType = sourcecode.c.h; path = b2PrismaticJoint.h; sourceTree = "<group>"; };
		03BB9D9713DF354A0035E5C4 /* b2PulleyJoint.cpp */ = {isa = PBXFileReference; fileEncoding = 4; lastKnownFileType = sourcecode.cpp.cpp; path = b2PulleyJoint.cpp; sourceTree = "<group>"; };
		03BB9D9813DF354A0035E5C4 /* b2PulleyJoint.h */ = {isa = PBXFileReference; fileEncoding = 4; lastKnownFileType = sourcecode.c.h; path = b2PulleyJoint.h; sourceTree = "<group>"; };
		03BB9D9913DF354A0035E5C4 /* b2RevoluteJoint.cpp */ = {isa = PBXFileReference; fileEncoding = 4; lastKnownFileType = sourcecode.cpp.cpp; path = b2RevoluteJoint.cpp; sourceTree = "<group>"; };
		03BB9D9A13DF354A0035E5C4 /* b2RevoluteJoint.h */ = {isa = PBXFileReference; fileEncoding = 4; lastKnownFileType = sourcecode.c.h; path = b2RevoluteJoint.h; sourceTree = "<group>"; };
		03BB9D9B13DF354A0035E5C4 /* b2WeldJoint.cpp */ = {isa = PBXFileReference; fileEncoding = 4; lastKnownFileType = sourcecode.cpp.cpp; path = b2WeldJoint.cpp; sourceTree = "<group>"; };
		03BB9D9C13DF354A0035E5C4 /* b2WeldJoint.h */ = {isa = PBXFileReference; fileEncoding = 4; lastKnownFileType = sourcecode.c.h; path = b2WeldJoint.h; sourceTree = "<group>"; };
		03BB9D9E13DF354A0035E5C4 /* assert.hpp */ = {isa = PBXFileReference; fileEncoding = 4; lastKnownFileType = sourcecode.cpp.h; path = assert.hpp; sourceTree = "<group>"; };
		03BB9D9F13DF354A0035E5C4 /* del_impl.cpp */ = {isa = PBXFileReference; fileEncoding = 4; lastKnownFileType = sourcecode.cpp.cpp; path = del_impl.cpp; sourceTree = "<group>"; };
		03BB9DA013DF354A0035E5C4 /* del_interface.hpp */ = {isa = PBXFileReference; fileEncoding = 4; lastKnownFileType = sourcecode.cpp.h; path = del_interface.hpp; sourceTree = "<group>"; };
		03BB9DA113DF354A0035E5C4 /* dpoint.hpp */ = {isa = PBXFileReference; fileEncoding = 4; lastKnownFileType = sourcecode.cpp.h; path = dpoint.hpp; sourceTree = "<group>"; };
		03BB9DA213DF354A0035E5C4 /* triangle.h */ = {isa = PBXFileReference; fileEncoding = 4; lastKnownFileType = sourcecode.c.h; path = triangle.h; sourceTree = "<group>"; };
		03BB9DA313DF354A0035E5C4 /* triangle_impl.hpp */ = {isa = PBXFileReference; fileEncoding = 4; lastKnownFileType = sourcecode.cpp.h; path = triangle_impl.hpp; sourceTree = "<group>"; };
		03BB9DA513DF354A0035E5C4 /* ofxBox2d.cpp */ = {isa = PBXFileReference; fileEncoding = 4; lastKnownFileType = sourcecode.cpp.cpp; path = ofxBox2d.cpp; sourceTree = "<group>"; };
		03BB9DA613DF354A0035E5C4 /* ofxBox2d.h */ = {isa = PBXFileReference; fileEncoding = 4; lastKnownFileType = sourcecode.c.h; path = ofxBox2d.h; sourceTree = "<group>"; };
		03BB9DA713DF354A0035E5C4 /* ofxBox2dBaseShape.cpp */ = {isa = PBXFileReference; fileEncoding = 4; lastKnownFileType = sourcecode.cpp.cpp; path = ofxBox2dBaseShape.cpp; sourceTree = "<group>"; };
		03BB9DA813DF354A0035E5C4 /* ofxBox2dBaseShape.h */ = {isa = PBXFileReference; fileEncoding = 4; lastKnownFileType = sourcecode.c.h; path = ofxBox2dBaseShape.h; sourceTree = "<group>"; };
		03BB9DA913DF354A0035E5C4 /* ofxBox2dCircle.cpp */ = {isa = PBXFileReference; fileEncoding = 4; lastKnownFileType = sourcecode.cpp.cpp; path = ofxBox2dCircle.cpp; sourceTree = "<group>"; };
		03BB9DAA13DF354A0035E5C4 /* ofxBox2dCircle.h */ = {isa = PBXFileReference; fileEncoding = 4; lastKnownFileType = sourcecode.c.h; path = ofxBox2dCircle.h; sourceTree = "<group>"; };
		03BB9DAB13DF354A0035E5C4 /* ofxBox2dContactListener.h */ = {isa = PBXFileReference; fileEncoding = 4; lastKnownFileType = sourcecode.c.h; path = ofxBox2dContactListener.h; sourceTree = "<group>"; };
		03BB9DAC13DF354A0035E5C4 /* ofxBox2dJoint.cpp */ = {isa = PBXFileReference; fileEncoding = 4; lastKnownFileType = sourcecode.cpp.cpp; path = ofxBox2dJoint.cpp; sourceTree = "<group>"; };
		03BB9DAD13DF354A0035E5C4 /* ofxBox2dJoint.h */ = {isa = PBXFileReference; fileEncoding = 4; lastKnownFileType = sourcecode.c.h; path = ofxBox2dJoint.h; sourceTree = "<group>"; };
		03BB9DAE13DF354A0035E5C4 /* ofxBox2dPolygon.cpp */ = {isa = PBXFileReference; fileEncoding = 4; lastKnownFileType = sourcecode.cpp.cpp; path = ofxBox2dPolygon.cpp; sourceTree = "<group>"; };
		03BB9DAF13DF354A0035E5C4 /* ofxBox2dPolygon.h */ = {isa = PBXFileReference; fileEncoding = 4; lastKnownFileType = sourcecode.c.h; path = ofxBox2dPolygon.h; sourceTree = "<group>"; };
		03BB9DB013DF354A0035E5C4 /* ofxBox2dPolygonUtils.h */ = {isa = PBXFileReference; fileEncoding = 4; lastKnownFileType = sourcecode.c.h; path = ofxBox2dPolygonUtils.h; sourceTree = "<group>"; };
		03BB9DB113DF354A0035E5C4 /* ofxBox2dRect.cpp */ = {isa = PBXFileReference; fileEncoding = 4; lastKnownFileType = sourcecode.cpp.cpp; path = ofxBox2dRect.cpp; sourceTree = "<group>"; };
		03BB9DB213DF354A0035E5C4 /* ofxBox2dRect.h */ = {isa = PBXFileReference; fileEncoding = 4; lastKnownFileType = sourcecode.c.h; path = ofxBox2dRect.h; sourceTree = "<group>"; };
		03BB9DB313DF354A0035E5C4 /* ofxBox2dRender.h */ = {isa = PBXFileReference; fileEncoding = 4; lastKnownFileType = sourcecode.c.h; path = ofxBox2dRender.h; sourceTree = "<group>"; };
		03BB9DB413DF354A0035E5C4 /* ofxBox2dUtils.h */ = {isa = PBXFileReference; fileEncoding = 4; lastKnownFileType = sourcecode.c.h; path = ofxBox2dUtils.h; sourceTree = "<group>"; };
		03D784FC13EDD99000C228A8 /* info-view.png */ = {isa = PBXFileReference; lastKnownFileType = image.png; name = "info-view.png"; path = "button icons/info-view.png"; sourceTree = "<group>"; };
		03D784FD13EDD99000C228A8 /* mesh-view.png */ = {isa = PBXFileReference; lastKnownFileType = image.png; name = "mesh-view.png"; path = "button icons/mesh-view.png"; sourceTree = "<group>"; };
		03D784FE13EDD99000C228A8 /* physics-view.png */ = {isa = PBXFileReference; lastKnownFileType = image.png; name = "physics-view.png"; path = "button icons/physics-view.png"; sourceTree = "<group>"; };
		03DDF10E13D8C80200F33D8C /* Default-Landscape~ipad.png */ = {isa = PBXFileReference; lastKnownFileType = image.png; path = "Default-Landscape~ipad.png"; sourceTree = "<group>"; };
		03DDF10F13D8C80200F33D8C /* Default-Portrait~ipad.png */ = {isa = PBXFileReference; lastKnownFileType = image.png; path = "Default-Portrait~ipad.png"; sourceTree = "<group>"; };
		03DDF11013D8C80200F33D8C /* Default.png */ = {isa = PBXFileReference; lastKnownFileType = image.png; path = Default.png; sourceTree = "<group>"; };
		03DDF11113D8C80200F33D8C /* Default@2x.png */ = {isa = PBXFileReference; lastKnownFileType = image.png; path = "Default@2x.png"; sourceTree = "<group>"; };
		03DDF11213D8C80200F33D8C /* Icon-72.png */ = {isa = PBXFileReference; lastKnownFileType = image.png; path = "Icon-72.png"; sourceTree = "<group>"; };
		03DDF11313D8C80200F33D8C /* Icon.png */ = {isa = PBXFileReference; lastKnownFileType = image.png; path = Icon.png; sourceTree = "<group>"; };
		03DDF11413D8C80200F33D8C /* Icon@x2.png */ = {isa = PBXFileReference; lastKnownFileType = image.png; path = "Icon@x2.png"; sourceTree = "<group>"; };
		03DE1DE313F6639500DBB0A8 /* rs-avatar.png */ = {isa = PBXFileReference; lastKnownFileType = image.png; name = "rs-avatar.png"; path = "button icons/rs-avatar.png"; sourceTree = "<group>"; };
		03DE1DE513F664BF00DBB0A8 /* CAN-logo.png */ = {isa = PBXFileReference; lastKnownFileType = image.png; name = "CAN-logo.png"; path = "button icons/CAN-logo.png"; sourceTree = "<group>"; };
		03FE97A713F090F700F53017 /* photo-album.png */ = {isa = PBXFileReference; lastKnownFileType = image.png; name = "photo-album.png"; path = "button icons/photo-album.png"; sourceTree = "<group>"; };
		1D30AB110D05D00D00671497 /* Foundation.framework */ = {isa = PBXFileReference; lastKnownFileType = wrapper.framework; name = Foundation.framework; path = System/Library/Frameworks/Foundation.framework; sourceTree = SDKROOT; };
		1D6058910D05DD3D006BFB54 /* SpringMesh.app */ = {isa = PBXFileReference; explicitFileType = wrapper.application; includeInIndex = 0; path = SpringMesh.app; sourceTree = BUILT_PRODUCTS_DIR; };
		1DF5F4DF0D08C38300B7A737 /* UIKit.framework */ = {isa = PBXFileReference; lastKnownFileType = wrapper.framework; name = UIKit.framework; path = System/Library/Frameworks/UIKit.framework; sourceTree = SDKROOT; };
		288765FC0DF74451002DB57D /* CoreGraphics.framework */ = {isa = PBXFileReference; lastKnownFileType = wrapper.framework; name = CoreGraphics.framework; path = System/Library/Frameworks/CoreGraphics.framework; sourceTree = SDKROOT; };
		32CA4F630368D1EE00C91783 /* iPhone_Prefix.pch */ = {isa = PBXFileReference; fileEncoding = 4; lastKnownFileType = sourcecode.c.h; path = iPhone_Prefix.pch; sourceTree = "<group>"; };
		5326AEA710A23A0500278DE6 /* CoreLocation.framework */ = {isa = PBXFileReference; lastKnownFileType = wrapper.framework; name = CoreLocation.framework; path = System/Library/Frameworks/CoreLocation.framework; sourceTree = SDKROOT; };
		53F323EA10A20EDB00E0DAE4 /* OpenAL.framework */ = {isa = PBXFileReference; lastKnownFileType = wrapper.framework; name = OpenAL.framework; path = System/Library/Frameworks/OpenAL.framework; sourceTree = SDKROOT; };
		BB16EBD10F2B2A9500518274 /* OpenGLES.framework */ = {isa = PBXFileReference; lastKnownFileType = wrapper.framework; name = OpenGLES.framework; path = System/Library/Frameworks/OpenGLES.framework; sourceTree = SDKROOT; };
		BB16EBD80F2B2AB500518274 /* QuartzCore.framework */ = {isa = PBXFileReference; lastKnownFileType = wrapper.framework; name = QuartzCore.framework; path = System/Library/Frameworks/QuartzCore.framework; sourceTree = SDKROOT; };
		BB24DDC910DA781C00E9C588 /* ofxiphone-Info.plist */ = {isa = PBXFileReference; fileEncoding = 4; lastKnownFileType = text.plist.xml; path = "ofxiphone-Info.plist"; sourceTree = "<group>"; };
		BBE5EAB70F49AD8400F28951 /* AudioToolbox.framework */ = {isa = PBXFileReference; lastKnownFileType = wrapper.framework; name = AudioToolbox.framework; path = System/Library/Frameworks/AudioToolbox.framework; sourceTree = SDKROOT; };
		DC8B5B7B13FA5636003BF468 /* line.png */ = {isa = PBXFileReference; lastKnownFileType = image.png; name = line.png; path = "button icons/line.png"; sourceTree = "<group>"; };
		DCC19C6913FA76C900507F97 /* CAN-logohd.png */ = {isa = PBXFileReference; lastKnownFileType = image.png; name = "CAN-logohd.png"; path = "button icons/CAN-logohd.png"; sourceTree = "<group>"; };
		DCECE74B13F9DA8C006232BE /* menubar.png */ = {isa = PBXFileReference; lastKnownFileType = image.png; name = menubar.png; path = "button icons/menubar.png"; sourceTree = "<group>"; };
		E41D3ED613B38FB500A75A5D /* Project.xcconfig */ = {isa = PBXFileReference; fileEncoding = 4; lastKnownFileType = text.xcconfig; path = Project.xcconfig; sourceTree = "<group>"; };
		E41D3EE513B3906D00A75A5D /* CoreOF.xcconfig */ = {isa = PBXFileReference; fileEncoding = 4; lastKnownFileType = text.xcconfig; name = CoreOF.xcconfig; path = ../../../libs/openFrameworksCompiled/project/iphone/CoreOF.xcconfig; sourceTree = SOURCE_ROOT; };
		E41D400613B39D2100A75A5D /* AVFoundation.framework */ = {isa = PBXFileReference; lastKnownFileType = wrapper.framework; name = AVFoundation.framework; path = System/Library/Frameworks/AVFoundation.framework; sourceTree = SDKROOT; };
		E41D400713B39D2100A75A5D /* CoreMedia.framework */ = {isa = PBXFileReference; lastKnownFileType = wrapper.framework; name = CoreMedia.framework; path = System/Library/Frameworks/CoreMedia.framework; sourceTree = SDKROOT; };
		E41D400813B39D2100A75A5D /* CoreVideo.framework */ = {isa = PBXFileReference; lastKnownFileType = wrapper.framework; name = CoreVideo.framework; path = System/Library/Frameworks/CoreVideo.framework; sourceTree = SDKROOT; };
		E41D400913B39D2100A75A5D /* MapKit.framework */ = {isa = PBXFileReference; lastKnownFileType = wrapper.framework; name = MapKit.framework; path = System/Library/Frameworks/MapKit.framework; sourceTree = SDKROOT; };
		E41D40FD13B3A0D800A75A5D /* iPhone+OF Lib.xcodeproj */ = {isa = PBXFileReference; lastKnownFileType = "wrapper.pb-project"; name = "iPhone+OF Lib.xcodeproj"; path = "../../../libs/openFrameworksCompiled/project/iphone/iPhone+OF Lib.xcodeproj"; sourceTree = SOURCE_ROOT; };
		E4A823A312561BE3002F86A2 /* CoreGraphics.framework */ = {isa = PBXFileReference; lastKnownFileType = wrapper.framework; name = CoreGraphics.framework; path = System/Library/Frameworks/CoreGraphics.framework; sourceTree = SDKROOT; };
		E4D8936B11527B74007E1F53 /* main.mm */ = {isa = PBXFileReference; fileEncoding = 4; lastKnownFileType = sourcecode.cpp.objcpp; name = main.mm; path = src/main.mm; sourceTree = SOURCE_ROOT; };
		E4D8936C11527B74007E1F53 /* testApp.h */ = {isa = PBXFileReference; fileEncoding = 4; lastKnownFileType = sourcecode.c.h; name = testApp.h; path = src/testApp.h; sourceTree = SOURCE_ROOT; };
		E4D8936D11527B74007E1F53 /* testApp.mm */ = {isa = PBXFileReference; fileEncoding = 4; lastKnownFileType = sourcecode.cpp.objcpp; name = testApp.mm; path = src/testApp.mm; sourceTree = SOURCE_ROOT; };
/* End PBXFileReference section */

/* Begin PBXFrameworksBuildPhase section */
		1D60588F0D05DD3D006BFB54 /* Frameworks */ = {
			isa = PBXFrameworksBuildPhase;
			buildActionMask = 2147483647;
			files = (
				E41D421413B3A95300A75A5D /* libofxiPhone_iphoneos_Debug.a in Frameworks */,
				1D60589F0D05DD5A006BFB54 /* Foundation.framework in Frameworks */,
				1DF5F4E00D08C38300B7A737 /* UIKit.framework in Frameworks */,
				288765FD0DF74451002DB57D /* CoreGraphics.framework in Frameworks */,
				BB16EBD20F2B2A9500518274 /* OpenGLES.framework in Frameworks */,
				BB16EBD90F2B2AB500518274 /* QuartzCore.framework in Frameworks */,
				BBE5EAB80F49AD8400F28951 /* AudioToolbox.framework in Frameworks */,
				53F323EB10A20EDB00E0DAE4 /* OpenAL.framework in Frameworks */,
				5326AEA810A23A0500278DE6 /* CoreLocation.framework in Frameworks */,
				E4A823A412561BE3002F86A2 /* CoreGraphics.framework in Frameworks */,
				E41D400B13B39D2100A75A5D /* AVFoundation.framework in Frameworks */,
				E41D400C13B39D2100A75A5D /* CoreMedia.framework in Frameworks */,
				E41D400D13B39D2100A75A5D /* CoreVideo.framework in Frameworks */,
				E41D400E13B39D2100A75A5D /* MapKit.framework in Frameworks */,
			);
			runOnlyForDeploymentPostprocessing = 0;
		};
/* End PBXFrameworksBuildPhase section */

/* Begin PBXGroup section */
		0372AE8213FC434200638C6A /* MSAShape3D */ = {
			isa = PBXGroup;
			children = (
				0372AE8D13FC434200638C6A /* src */,
			);
			name = MSAShape3D;
			path = ../../../addons/msalibs/MSAShape3D;
			sourceTree = "<group>";
		};
		0372AE8D13FC434200638C6A /* src */ = {
			isa = PBXGroup;
			children = (
				0372AE8E13FC434200638C6A /* MSAShape3D.h */,
			);
			path = src;
			sourceTree = "<group>";
		};
		038357F813F3257C00E1CA53 /* ofxXmlSettings */ = {
			isa = PBXGroup;
			children = (
				038357FD13F3290400E1CA53 /* libs */,
				0383580213F3290400E1CA53 /* src */,
			);
			name = ofxXmlSettings;
			path = ../../../addons/ofxXmlSettings;
			sourceTree = "<group>";
		};
		038357FD13F3290400E1CA53 /* libs */ = {
			isa = PBXGroup;
			children = (
				038357FE13F3290400E1CA53 /* tinyxml.cpp */,
				038357FF13F3290400E1CA53 /* tinyxml.h */,
				0383580013F3290400E1CA53 /* tinyxmlerror.cpp */,
				0383580113F3290400E1CA53 /* tinyxmlparser.cpp */,
			);
			path = libs;
			sourceTree = "<group>";
		};
		0383580213F3290400E1CA53 /* src */ = {
			isa = PBXGroup;
			children = (
				0383580313F3290400E1CA53 /* ofxXmlSettings.cpp */,
				0383580413F3290400E1CA53 /* ofxXmlSettings.h */,
			);
			path = src;
			sourceTree = "<group>";
		};
		03B0642113CF7AF100FA98FB /* gui */ = {
			isa = PBXGroup;
			children = (
				03B0642613CF7B4B00FA98FB /* GuiView.h */,
				03B0642713CF7B4B00FA98FB /* GuiView.mm */,
				03B0643313CF7CBF00FA98FB /* GuiView.xib */,
			);
			name = gui;
			sourceTree = "<group>";
		};
		03BB9D4C13DF354A0035E5C4 /* ofxBox2d */ = {
			isa = PBXGroup;
			children = (
				03BB9D4E13DF354A0035E5C4 /* lib */,
				03BB9DA413DF354A0035E5C4 /* src */,
			);
			name = ofxBox2d;
			path = ../../../addons/ofxBox2d;
			sourceTree = "<group>";
		};
		03BB9D4E13DF354A0035E5C4 /* lib */ = {
			isa = PBXGroup;
			children = (
				03BB9D4F13DF354A0035E5C4 /* Box2D */,
				03BB9D9D13DF354A0035E5C4 /* triangle */,
			);
			path = lib;
			sourceTree = "<group>";
		};
		03BB9D4F13DF354A0035E5C4 /* Box2D */ = {
			isa = PBXGroup;
			children = (
				03BB9D5013DF354A0035E5C4 /* Box2D.h */,
				03BB9D5113DF354A0035E5C4 /* Collision */,
				03BB9D6413DF354A0035E5C4 /* Common */,
				03BB9D6D13DF354A0035E5C4 /* Dynamics */,
			);
			path = Box2D;
			sourceTree = "<group>";
		};
		03BB9D5113DF354A0035E5C4 /* Collision */ = {
			isa = PBXGroup;
			children = (
				03BB9D5213DF354A0035E5C4 /* b2BroadPhase.cpp */,
				03BB9D5313DF354A0035E5C4 /* b2BroadPhase.h */,
				03BB9D5413DF354A0035E5C4 /* b2CollideCircle.cpp */,
				03BB9D5513DF354A0035E5C4 /* b2CollidePolygon.cpp */,
				03BB9D5613DF354A0035E5C4 /* b2Collision.cpp */,
				03BB9D5713DF354A0035E5C4 /* b2Collision.h */,
				03BB9D5813DF354A0035E5C4 /* b2Distance.cpp */,
				03BB9D5913DF354A0035E5C4 /* b2Distance.h */,
				03BB9D5A13DF354A0035E5C4 /* b2DynamicTree.cpp */,
				03BB9D5B13DF354A0035E5C4 /* b2DynamicTree.h */,
				03BB9D5C13DF354A0035E5C4 /* b2TimeOfImpact.cpp */,
				03BB9D5D13DF354A0035E5C4 /* b2TimeOfImpact.h */,
				03BB9D5E13DF354A0035E5C4 /* Shapes */,
			);
			path = Collision;
			sourceTree = "<group>";
		};
		03BB9D5E13DF354A0035E5C4 /* Shapes */ = {
			isa = PBXGroup;
			children = (
				03BB9D5F13DF354A0035E5C4 /* b2CircleShape.cpp */,
				03BB9D6013DF354A0035E5C4 /* b2CircleShape.h */,
				03BB9D6113DF354A0035E5C4 /* b2PolygonShape.cpp */,
				03BB9D6213DF354A0035E5C4 /* b2PolygonShape.h */,
				03BB9D6313DF354A0035E5C4 /* b2Shape.h */,
			);
			path = Shapes;
			sourceTree = "<group>";
		};
		03BB9D6413DF354A0035E5C4 /* Common */ = {
			isa = PBXGroup;
			children = (
				03BB9D6513DF354A0035E5C4 /* b2BlockAllocator.cpp */,
				03BB9D6613DF354A0035E5C4 /* b2BlockAllocator.h */,
				03BB9D6713DF354A0035E5C4 /* b2Math.cpp */,
				03BB9D6813DF354A0035E5C4 /* b2Math.h */,
				03BB9D6913DF354A0035E5C4 /* b2Settings.cpp */,
				03BB9D6A13DF354A0035E5C4 /* b2Settings.h */,
				03BB9D6B13DF354A0035E5C4 /* b2StackAllocator.cpp */,
				03BB9D6C13DF354A0035E5C4 /* b2StackAllocator.h */,
			);
			path = Common;
			sourceTree = "<group>";
		};
		03BB9D6D13DF354A0035E5C4 /* Dynamics */ = {
			isa = PBXGroup;
			children = (
				03BB9D6E13DF354A0035E5C4 /* b2Body.cpp */,
				03BB9D6F13DF354A0035E5C4 /* b2Body.h */,
				03BB9D7013DF354A0035E5C4 /* b2ContactManager.cpp */,
				03BB9D7113DF354A0035E5C4 /* b2ContactManager.h */,
				03BB9D7213DF354A0035E5C4 /* b2Fixture.cpp */,
				03BB9D7313DF354A0035E5C4 /* b2Fixture.h */,
				03BB9D7413DF354A0035E5C4 /* b2Island.cpp */,
				03BB9D7513DF354A0035E5C4 /* b2Island.h */,
				03BB9D7613DF354A0035E5C4 /* b2TimeStep.h */,
				03BB9D7713DF354A0035E5C4 /* b2World.cpp */,
				03BB9D7813DF354A0035E5C4 /* b2World.h */,
				03BB9D7913DF354A0035E5C4 /* b2WorldCallbacks.cpp */,
				03BB9D7A13DF354A0035E5C4 /* b2WorldCallbacks.h */,
				03BB9D7B13DF354A0035E5C4 /* Contacts */,
				03BB9D8813DF354A0035E5C4 /* Joints */,
			);
			path = Dynamics;
			sourceTree = "<group>";
		};
		03BB9D7B13DF354A0035E5C4 /* Contacts */ = {
			isa = PBXGroup;
			children = (
				03BB9D7C13DF354A0035E5C4 /* b2CircleContact.cpp */,
				03BB9D7D13DF354A0035E5C4 /* b2CircleContact.h */,
				03BB9D7E13DF354A0035E5C4 /* b2Contact.cpp */,
				03BB9D7F13DF354A0035E5C4 /* b2Contact.h */,
				03BB9D8013DF354A0035E5C4 /* b2ContactSolver.cpp */,
				03BB9D8113DF354A0035E5C4 /* b2ContactSolver.h */,
				03BB9D8213DF354A0035E5C4 /* b2PolygonAndCircleContact.cpp */,
				03BB9D8313DF354A0035E5C4 /* b2PolygonAndCircleContact.h */,
				03BB9D8413DF354A0035E5C4 /* b2PolygonContact.cpp */,
				03BB9D8513DF354A0035E5C4 /* b2PolygonContact.h */,
				03BB9D8613DF354A0035E5C4 /* b2TOISolver.cpp */,
				03BB9D8713DF354A0035E5C4 /* b2TOISolver.h */,
			);
			path = Contacts;
			sourceTree = "<group>";
		};
		03BB9D8813DF354A0035E5C4 /* Joints */ = {
			isa = PBXGroup;
			children = (
				03BB9D8913DF354A0035E5C4 /* b2DistanceJoint.cpp */,
				03BB9D8A13DF354A0035E5C4 /* b2DistanceJoint.h */,
				03BB9D8B13DF354A0035E5C4 /* b2FrictionJoint.cpp */,
				03BB9D8C13DF354A0035E5C4 /* b2FrictionJoint.h */,
				03BB9D8D13DF354A0035E5C4 /* b2GearJoint.cpp */,
				03BB9D8E13DF354A0035E5C4 /* b2GearJoint.h */,
				03BB9D8F13DF354A0035E5C4 /* b2Joint.cpp */,
				03BB9D9013DF354A0035E5C4 /* b2Joint.h */,
				03BB9D9113DF354A0035E5C4 /* b2LineJoint.cpp */,
				03BB9D9213DF354A0035E5C4 /* b2LineJoint.h */,
				03BB9D9313DF354A0035E5C4 /* b2MouseJoint.cpp */,
				03BB9D9413DF354A0035E5C4 /* b2MouseJoint.h */,
				03BB9D9513DF354A0035E5C4 /* b2PrismaticJoint.cpp */,
				03BB9D9613DF354A0035E5C4 /* b2PrismaticJoint.h */,
				03BB9D9713DF354A0035E5C4 /* b2PulleyJoint.cpp */,
				03BB9D9813DF354A0035E5C4 /* b2PulleyJoint.h */,
				03BB9D9913DF354A0035E5C4 /* b2RevoluteJoint.cpp */,
				03BB9D9A13DF354A0035E5C4 /* b2RevoluteJoint.h */,
				03BB9D9B13DF354A0035E5C4 /* b2WeldJoint.cpp */,
				03BB9D9C13DF354A0035E5C4 /* b2WeldJoint.h */,
			);
			path = Joints;
			sourceTree = "<group>";
		};
		03BB9D9D13DF354A0035E5C4 /* triangle */ = {
			isa = PBXGroup;
			children = (
				03BB9D9E13DF354A0035E5C4 /* assert.hpp */,
				03BB9D9F13DF354A0035E5C4 /* del_impl.cpp */,
				03BB9DA013DF354A0035E5C4 /* del_interface.hpp */,
				03BB9DA113DF354A0035E5C4 /* dpoint.hpp */,
				03BB9DA213DF354A0035E5C4 /* triangle.h */,
				03BB9DA313DF354A0035E5C4 /* triangle_impl.hpp */,
			);
			path = triangle;
			sourceTree = "<group>";
		};
		03BB9DA413DF354A0035E5C4 /* src */ = {
			isa = PBXGroup;
			children = (
				03BB9DA513DF354A0035E5C4 /* ofxBox2d.cpp */,
				03BB9DA613DF354A0035E5C4 /* ofxBox2d.h */,
				03BB9DA713DF354A0035E5C4 /* ofxBox2dBaseShape.cpp */,
				03BB9DA813DF354A0035E5C4 /* ofxBox2dBaseShape.h */,
				03BB9DA913DF354A0035E5C4 /* ofxBox2dCircle.cpp */,
				03BB9DAA13DF354A0035E5C4 /* ofxBox2dCircle.h */,
				03BB9DAB13DF354A0035E5C4 /* ofxBox2dContactListener.h */,
				03BB9DAC13DF354A0035E5C4 /* ofxBox2dJoint.cpp */,
				03BB9DAD13DF354A0035E5C4 /* ofxBox2dJoint.h */,
				03BB9DAE13DF354A0035E5C4 /* ofxBox2dPolygon.cpp */,
				03BB9DAF13DF354A0035E5C4 /* ofxBox2dPolygon.h */,
				03BB9DB013DF354A0035E5C4 /* ofxBox2dPolygonUtils.h */,
				03BB9DB113DF354A0035E5C4 /* ofxBox2dRect.cpp */,
				03BB9DB213DF354A0035E5C4 /* ofxBox2dRect.h */,
				03BB9DB313DF354A0035E5C4 /* ofxBox2dRender.h */,
				03BB9DB413DF354A0035E5C4 /* ofxBox2dUtils.h */,
			);
			path = src;
			sourceTree = "<group>";
		};
		19C28FACFE9D520D11CA2CBB /* Products */ = {
			isa = PBXGroup;
			children = (
				1D6058910D05DD3D006BFB54 /* SpringMesh.app */,
			);
			name = Products;
			sourceTree = "<group>";
		};
		29B97314FDCFA39411CA2CEA /* CustomTemplate */ = {
			isa = PBXGroup;
			children = (
				E4D8936A11527B74007E1F53 /* src */,
				BB24DD8B10DA77E000E9C588 /* data */,
				BB24E1F710DAA51900E9C588 /* openFrameworks */,
				BB16F26B0F2B646B00518274 /* addons */,
				BB16E9930F2B1E5900518274 /* libs */,
				19C28FACFE9D520D11CA2CBB /* Products */,
			);
			name = CustomTemplate;
			sourceTree = "<group>";
		};
		29B97323FDCFA39411CA2CEA /* core frameworks */ = {
			isa = PBXGroup;
			children = (
				E41D400613B39D2100A75A5D /* AVFoundation.framework */,
				E41D400713B39D2100A75A5D /* CoreMedia.framework */,
				E41D400813B39D2100A75A5D /* CoreVideo.framework */,
				E41D400913B39D2100A75A5D /* MapKit.framework */,
				53F323EA10A20EDB00E0DAE4 /* OpenAL.framework */,
				E4A823A312561BE3002F86A2 /* CoreGraphics.framework */,
				BBE5EAB70F49AD8400F28951 /* AudioToolbox.framework */,
				BB16EBD80F2B2AB500518274 /* QuartzCore.framework */,
				BB16EBD10F2B2A9500518274 /* OpenGLES.framework */,
				1DF5F4DF0D08C38300B7A737 /* UIKit.framework */,
				1D30AB110D05D00D00671497 /* Foundation.framework */,
				288765FC0DF74451002DB57D /* CoreGraphics.framework */,
				5326AEA710A23A0500278DE6 /* CoreLocation.framework */,
			);
			name = "core frameworks";
			sourceTree = "<group>";
		};
		BB16E9930F2B1E5900518274 /* libs */ = {
			isa = PBXGroup;
			children = (
				BBE5E94E0F497BD800F28951 /* core */,
			);
			name = libs;
			sourceTree = "<group>";
		};
		BB16F26B0F2B646B00518274 /* addons */ = {
			isa = PBXGroup;
			children = (
				0372AE8213FC434200638C6A /* MSAShape3D */,
				038357F813F3257C00E1CA53 /* ofxXmlSettings */,
				03BB9D4C13DF354A0035E5C4 /* ofxBox2d */,
			);
			name = addons;
			sourceTree = "<group>";
		};
		BB24DD8B10DA77E000E9C588 /* data */ = {
			isa = PBXGroup;
			children = (
				03DE1DE513F664BF00DBB0A8 /* CAN-logo.png */,
				03DE1DE313F6639500DBB0A8 /* rs-avatar.png */,
				03FE97A713F090F700F53017 /* photo-album.png */,
				03D784FC13EDD99000C228A8 /* info-view.png */,
				03D784FD13EDD99000C228A8 /* mesh-view.png */,
				03D784FE13EDD99000C228A8 /* physics-view.png */,
				0372AE9D13FC5C2000638C6A /* info@2x.png */,
				0372AE9E13FC5C2000638C6A /* mesh@2x.png */,
				0372AE9F13FC5C2000638C6A /* photo-album@2x.png */,
				0372AEA013FC5C2000638C6A /* random@2x.png */,
				0372AEA113FC5C2000638C6A /* save@2x.png */,
				0372AEA213FC5C2000638C6A /* settings@2x.png */,
				DCECE74B13F9DA8C006232BE /* menubar.png */,
				0387B23B13EB2161000B8515 /* mesh.png */,
				0372AE9B13FC4BBE00638C6A /* random.png */,
				DCC19C6913FA76C900507F97 /* CAN-logohd.png */,
				DC8B5B7B13FA5636003BF468 /* line.png */,
				0359DC5513DC2CCD0067D36D /* info.png */,
				0359DC5113DC0D500067D36D /* save.png */,
				0359DC6813DC3C730067D36D /* settings.png */,
				03DDF10E13D8C80200F33D8C /* Default-Landscape~ipad.png */,
				03DDF10F13D8C80200F33D8C /* Default-Portrait~ipad.png */,
				03DDF11013D8C80200F33D8C /* Default.png */,
				03DDF11113D8C80200F33D8C /* Default@2x.png */,
				03DDF11213D8C80200F33D8C /* Icon-72.png */,
				03DDF11313D8C80200F33D8C /* Icon.png */,
				03DDF11413D8C80200F33D8C /* Icon@x2.png */,
			);
			name = data;
			path = bin/data;
			sourceTree = "<group>";
		};
		BB24E1F710DAA51900E9C588 /* openFrameworks */ = {
			isa = PBXGroup;
			children = (
				E41D40FD13B3A0D800A75A5D /* iPhone+OF Lib.xcodeproj */,
				32CA4F630368D1EE00C91783 /* iPhone_Prefix.pch */,
				BB24DDC910DA781C00E9C588 /* ofxiphone-Info.plist */,
				E41D3EE513B3906D00A75A5D /* CoreOF.xcconfig */,
				E41D3ED613B38FB500A75A5D /* Project.xcconfig */,
			);
			name = openFrameworks;
			sourceTree = "<group>";
		};
		BBE5E94E0F497BD800F28951 /* core */ = {
			isa = PBXGroup;
			children = (
				29B97323FDCFA39411CA2CEA /* core frameworks */,
			);
			name = core;
			sourceTree = "<group>";
		};
		E41D40FE13B3A0D800A75A5D /* Products */ = {
			isa = PBXGroup;
			children = (
				E41D410213B3A0D800A75A5D /* libofxiPhone_iphoneos_Debug.a */,
			);
			name = Products;
			sourceTree = "<group>";
		};
		E4D8936A11527B74007E1F53 /* src */ = {
			isa = PBXGroup;
			children = (
				03B0642113CF7AF100FA98FB /* gui */,
				E4D8936B11527B74007E1F53 /* main.mm */,
				E4D8936D11527B74007E1F53 /* testApp.mm */,
				E4D8936C11527B74007E1F53 /* testApp.h */,
			);
			path = src;
			sourceTree = SOURCE_ROOT;
		};
/* End PBXGroup section */

/* Begin PBXNativeTarget section */
		1D6058900D05DD3D006BFB54 /* SpringMesh */ = {
			isa = PBXNativeTarget;
			buildConfigurationList = 1D6058960D05DD3E006BFB54 /* Build configuration list for PBXNativeTarget "SpringMesh" */;
			buildPhases = (
				1D60588D0D05DD3D006BFB54 /* Resources */,
				1D60588E0D05DD3D006BFB54 /* Sources */,
				1D60588F0D05DD3D006BFB54 /* Frameworks */,
				9255DD331112741900D6945E /* ShellScript */,
			);
			buildRules = (
			);
			dependencies = (
				E41D410413B3A11300A75A5D /* PBXTargetDependency */,
			);
			name = SpringMesh;
			productName = iPhone;
			productReference = 1D6058910D05DD3D006BFB54 /* SpringMesh.app */;
			productType = "com.apple.product-type.application";
		};
/* End PBXNativeTarget section */

/* Begin PBXProject section */
		29B97313FDCFA39411CA2CEA /* Project object */ = {
			isa = PBXProject;
			buildConfigurationList = C01FCF4E08A954540054247B /* Build configuration list for PBXProject "SpringMesh" */;
			compatibilityVersion = "Xcode 3.1";
			developmentRegion = English;
			hasScannedForEncodings = 1;
			knownRegions = (
				English,
				Japanese,
				French,
				German,
			);
			mainGroup = 29B97314FDCFA39411CA2CEA /* CustomTemplate */;
			projectDirPath = "";
			projectReferences = (
				{
					ProductGroup = E41D40FE13B3A0D800A75A5D /* Products */;
					ProjectRef = E41D40FD13B3A0D800A75A5D /* iPhone+OF Lib.xcodeproj */;
				},
			);
			projectRoot = "";
			targets = (
				1D6058900D05DD3D006BFB54 /* SpringMesh */,
			);
		};
/* End PBXProject section */

/* Begin PBXReferenceProxy section */
		E41D410213B3A0D800A75A5D /* libofxiPhone_iphoneos_Debug.a */ = {
			isa = PBXReferenceProxy;
			fileType = archive.ar;
			path = libofxiPhone_iphoneos_Debug.a;
			remoteRef = E41D410113B3A0D800A75A5D /* PBXContainerItemProxy */;
			sourceTree = BUILT_PRODUCTS_DIR;
		};
/* End PBXReferenceProxy section */

/* Begin PBXResourcesBuildPhase section */
		1D60588D0D05DD3D006BFB54 /* Resources */ = {
			isa = PBXResourcesBuildPhase;
			buildActionMask = 2147483647;
			files = (
				BB24DDCA10DA781C00E9C588 /* ofxiphone-Info.plist in Resources */,
				E41D3ED713B38FB500A75A5D /* Project.xcconfig in Resources */,
				E41D3EE613B3906D00A75A5D /* CoreOF.xcconfig in Resources */,
				03B0643413CF7CBF00FA98FB /* GuiView.xib in Resources */,
				03DDF11513D8C80200F33D8C /* Default-Landscape~ipad.png in Resources */,
				03DDF11613D8C80200F33D8C /* Default-Portrait~ipad.png in Resources */,
				03DDF11713D8C80200F33D8C /* Default.png in Resources */,
				03DDF11813D8C80200F33D8C /* Default@2x.png in Resources */,
				03DDF11913D8C80200F33D8C /* Icon-72.png in Resources */,
				03DDF11A13D8C80200F33D8C /* Icon.png in Resources */,
				03DDF11B13D8C80200F33D8C /* Icon@x2.png in Resources */,
				0359DC5213DC0D500067D36D /* save.png in Resources */,
				0359DC5613DC2CCD0067D36D /* info.png in Resources */,
				0359DC6913DC3C740067D36D /* settings.png in Resources */,
				0387B23F13EB2161000B8515 /* mesh.png in Resources */,
				03D784FF13EDD99000C228A8 /* info-view.png in Resources */,
				03D7850013EDD99000C228A8 /* mesh-view.png in Resources */,
				03D7850113EDD99000C228A8 /* physics-view.png in Resources */,
				03FE97A913F090F700F53017 /* photo-album.png in Resources */,
				03DE1DE413F6639500DBB0A8 /* rs-avatar.png in Resources */,
				03DE1DE613F664BF00DBB0A8 /* CAN-logo.png in Resources */,
				DCECE74C13F9DA8C006232BE /* menubar.png in Resources */,
				DC8B5B7C13FA5636003BF468 /* line.png in Resources */,
				DCC19C6A13FA76C900507F97 /* CAN-logohd.png in Resources */,
				0372AE9C13FC4BBE00638C6A /* random.png in Resources */,
				0372AEA313FC5C2000638C6A /* info@2x.png in Resources */,
				0372AEA413FC5C2000638C6A /* mesh@2x.png in Resources */,
				0372AEA513FC5C2000638C6A /* photo-album@2x.png in Resources */,
				0372AEA613FC5C2000638C6A /* random@2x.png in Resources */,
				0372AEA713FC5C2000638C6A /* save@2x.png in Resources */,
				0372AEA813FC5C2000638C6A /* settings@2x.png in Resources */,
			);
			runOnlyForDeploymentPostprocessing = 0;
		};
/* End PBXResourcesBuildPhase section */

/* Begin PBXShellScriptBuildPhase section */
		9255DD331112741900D6945E /* ShellScript */ = {
			isa = PBXShellScriptBuildPhase;
			buildActionMask = 2147483647;
			files = (
			);
			inputPaths = (
			);
			outputPaths = (
			);
			runOnlyForDeploymentPostprocessing = 0;
			shellPath = /bin/sh;
			shellScript = "cp -rf bin/data/ \"$TARGET_BUILD_DIR/$PRODUCT_NAME.app\"";
		};
/* End PBXShellScriptBuildPhase section */

/* Begin PBXSourcesBuildPhase section */
		1D60588E0D05DD3D006BFB54 /* Sources */ = {
			isa = PBXSourcesBuildPhase;
			buildActionMask = 2147483647;
			files = (
				E4D8936E11527B74007E1F53 /* main.mm in Sources */,
				E4D8936F11527B74007E1F53 /* testApp.mm in Sources */,
				03B0642813CF7B4B00FA98FB /* GuiView.mm in Sources */,
				03BB9DB613DF354A0035E5C4 /* b2BroadPhase.cpp in Sources */,
				03BB9DB713DF354A0035E5C4 /* b2CollideCircle.cpp in Sources */,
				03BB9DB813DF354A0035E5C4 /* b2CollidePolygon.cpp in Sources */,
				03BB9DB913DF354A0035E5C4 /* b2Collision.cpp in Sources */,
				03BB9DBA13DF354A0035E5C4 /* b2Distance.cpp in Sources */,
				03BB9DBB13DF354A0035E5C4 /* b2DynamicTree.cpp in Sources */,
				03BB9DBC13DF354A0035E5C4 /* b2TimeOfImpact.cpp in Sources */,
				03BB9DBD13DF354A0035E5C4 /* b2CircleShape.cpp in Sources */,
				03BB9DBE13DF354A0035E5C4 /* b2PolygonShape.cpp in Sources */,
				03BB9DBF13DF354A0035E5C4 /* b2BlockAllocator.cpp in Sources */,
				03BB9DC013DF354A0035E5C4 /* b2Math.cpp in Sources */,
				03BB9DC113DF354A0035E5C4 /* b2Settings.cpp in Sources */,
				03BB9DC213DF354A0035E5C4 /* b2StackAllocator.cpp in Sources */,
				03BB9DC313DF354A0035E5C4 /* b2Body.cpp in Sources */,
				03BB9DC413DF354A0035E5C4 /* b2ContactManager.cpp in Sources */,
				03BB9DC513DF354A0035E5C4 /* b2Fixture.cpp in Sources */,
				03BB9DC613DF354A0035E5C4 /* b2Island.cpp in Sources */,
				03BB9DC713DF354A0035E5C4 /* b2World.cpp in Sources */,
				03BB9DC813DF354A0035E5C4 /* b2WorldCallbacks.cpp in Sources */,
				03BB9DC913DF354A0035E5C4 /* b2CircleContact.cpp in Sources */,
				03BB9DCA13DF354A0035E5C4 /* b2Contact.cpp in Sources */,
				03BB9DCB13DF354A0035E5C4 /* b2ContactSolver.cpp in Sources */,
				03BB9DCC13DF354A0035E5C4 /* b2PolygonAndCircleContact.cpp in Sources */,
				03BB9DCD13DF354A0035E5C4 /* b2PolygonContact.cpp in Sources */,
				03BB9DCE13DF354A0035E5C4 /* b2TOISolver.cpp in Sources */,
				03BB9DCF13DF354A0035E5C4 /* b2DistanceJoint.cpp in Sources */,
				03BB9DD013DF354A0035E5C4 /* b2FrictionJoint.cpp in Sources */,
				03BB9DD113DF354A0035E5C4 /* b2GearJoint.cpp in Sources */,
				03BB9DD213DF354A0035E5C4 /* b2Joint.cpp in Sources */,
				03BB9DD313DF354A0035E5C4 /* b2LineJoint.cpp in Sources */,
				03BB9DD413DF354A0035E5C4 /* b2MouseJoint.cpp in Sources */,
				03BB9DD513DF354A0035E5C4 /* b2PrismaticJoint.cpp in Sources */,
				03BB9DD613DF354A0035E5C4 /* b2PulleyJoint.cpp in Sources */,
				03BB9DD713DF354A0035E5C4 /* b2RevoluteJoint.cpp in Sources */,
				03BB9DD813DF354A0035E5C4 /* b2WeldJoint.cpp in Sources */,
				03BB9DD913DF354A0035E5C4 /* del_impl.cpp in Sources */,
				03BB9DDA13DF354A0035E5C4 /* ofxBox2d.cpp in Sources */,
				03BB9DDB13DF354A0035E5C4 /* ofxBox2dBaseShape.cpp in Sources */,
				03BB9DDC13DF354A0035E5C4 /* ofxBox2dCircle.cpp in Sources */,
				03BB9DDD13DF354A0035E5C4 /* ofxBox2dJoint.cpp in Sources */,
				03BB9DDE13DF354A0035E5C4 /* ofxBox2dPolygon.cpp in Sources */,
				03BB9DDF13DF354A0035E5C4 /* ofxBox2dRect.cpp in Sources */,
				0383580513F3290400E1CA53 /* tinyxml.cpp in Sources */,
				0383580613F3290400E1CA53 /* tinyxmlerror.cpp in Sources */,
				0383580713F3290400E1CA53 /* tinyxmlparser.cpp in Sources */,
				0383580813F3290400E1CA53 /* ofxXmlSettings.cpp in Sources */,
			);
			runOnlyForDeploymentPostprocessing = 0;
		};
/* End PBXSourcesBuildPhase section */

/* Begin PBXTargetDependency section */
		E41D410413B3A11300A75A5D /* PBXTargetDependency */ = {
			isa = PBXTargetDependency;
			name = "iPhone+OF Static Library";
			targetProxy = E41D410313B3A11300A75A5D /* PBXContainerItemProxy */;
		};
/* End PBXTargetDependency section */

/* Begin XCBuildConfiguration section */
		1D6058940D05DD3E006BFB54 /* Debug */ = {
			isa = XCBuildConfiguration;
			buildSettings = {
				ALWAYS_SEARCH_USER_PATHS = NO;
				GCC_PRECOMPILE_PREFIX_HEADER = YES;
				GCC_PREFIX_HEADER = iPhone_Prefix.pch;
				GCC_VERSION = 4.2;
				INFOPLIST_FILE = "ofxiphone-Info.plist";
				IPHONEOS_DEPLOYMENT_TARGET = 3.2;
				PRODUCT_NAME = SpringMesh;
				SDKROOT = iphoneos;
			};
			name = Debug;
		};
		1D6058950D05DD3E006BFB54 /* Release */ = {
			isa = XCBuildConfiguration;
			buildSettings = {
				GCC_PRECOMPILE_PREFIX_HEADER = YES;
				GCC_PREFIX_HEADER = iPhone_Prefix.pch;
				GCC_VERSION = 4.2;
				INFOPLIST_FILE = "ofxiphone-Info.plist";
				IPHONEOS_DEPLOYMENT_TARGET = 3.2;
				PRODUCT_NAME = SpringMesh;
				SDKROOT = iphoneos;
			};
			name = Release;
		};
		C01FCF4F08A954540054247B /* Debug */ = {
			isa = XCBuildConfiguration;
			baseConfigurationReference = E41D3ED613B38FB500A75A5D /* Project.xcconfig */;
			buildSettings = {
				ALWAYS_SEARCH_USER_PATHS = YES;
				ARCHS = "$(ARCHS_STANDARD_32_BIT)";
				CODE_SIGN_IDENTITY = "";
				"CODE_SIGN_IDENTITY[sdk=iphoneos*]" = "iPhone Developer";
				COMPRESS_PNG_FILES = NO;
				GCC_C_LANGUAGE_STANDARD = c99;
				GCC_OPTIMIZATION_LEVEL = 0;
				GCC_SYMBOLS_PRIVATE_EXTERN = NO;
				GCC_VERSION = 4.2;
				GCC_WARN_ABOUT_DEPRECATED_FUNCTIONS = NO;
				GCC_WARN_ABOUT_INVALID_OFFSETOF_MACRO = NO;
				GCC_WARN_ABOUT_POINTER_SIGNEDNESS = NO;
				GCC_WARN_ABOUT_RETURN_TYPE = YES;
				GCC_WARN_ALLOW_INCOMPLETE_PROTOCOL = NO;
				GCC_WARN_PROTOTYPE_CONVERSION = NO;
				GCC_WARN_UNUSED_VARIABLE = YES;
				IPHONEOS_DEPLOYMENT_TARGET = 4.1;
				MACOSX_DEPLOYMENT_TARGET = 10.6;
				ONLY_ACTIVE_ARCH = NO;
				PREBINDING = NO;
				PRODUCT_NAME = "";
				"PROVISIONING_PROFILE[sdk=iphoneos*]" = "";
				SDKROOT = iphoneos4.3;
				TARGETED_DEVICE_FAMILY = "1,2";
				WARNING_LDFLAGS = "-no_arch_warnings";
			};
			name = Debug;
		};
		C01FCF5008A954540054247B /* Release */ = {
			isa = XCBuildConfiguration;
			baseConfigurationReference = E41D3ED613B38FB500A75A5D /* Project.xcconfig */;
			buildSettings = {
				ALWAYS_SEARCH_USER_PATHS = YES;
				ARCHS = "$(ARCHS_STANDARD_32_BIT)";
				CODE_SIGN_IDENTITY = "";
				"CODE_SIGN_IDENTITY[sdk=iphoneos*]" = "iPhone Developer";
				COMPRESS_PNG_FILES = NO;
				GCC_C_LANGUAGE_STANDARD = c99;
				GCC_DYNAMIC_NO_PIC = YES;
				GCC_GENERATE_DEBUGGING_SYMBOLS = NO;
				GCC_OPTIMIZATION_LEVEL = 3;
				GCC_SYMBOLS_PRIVATE_EXTERN = NO;
				GCC_THUMB_SUPPORT = NO;
				GCC_VERSION = 4.2;
				GCC_WARN_ABOUT_RETURN_TYPE = YES;
				GCC_WARN_UNUSED_VARIABLE = YES;
				IPHONEOS_DEPLOYMENT_TARGET = 4.1;
				MACOSX_DEPLOYMENT_TARGET = 10.6;
				ONLY_ACTIVE_ARCH = NO;
				PREBINDING = NO;
				PRODUCT_NAME = "";
				SDKROOT = iphoneos4.3;
				TARGETED_DEVICE_FAMILY = "1,2";
				WARNING_LDFLAGS = "-no_arch_warnings";
			};
			name = Release;
		};
		DCECE72513F9C3F4006232BE /* AdHoc */ = {
			isa = XCBuildConfiguration;
			baseConfigurationReference = E41D3ED613B38FB500A75A5D /* Project.xcconfig */;
			buildSettings = {
				ALWAYS_SEARCH_USER_PATHS = YES;
				ARCHS = "$(ARCHS_STANDARD_32_BIT)";
				CODE_SIGN_IDENTITY = "";
				"CODE_SIGN_IDENTITY[sdk=iphoneos*]" = "iPhone Developer";
				COMPRESS_PNG_FILES = NO;
				GCC_C_LANGUAGE_STANDARD = c99;
				GCC_OPTIMIZATION_LEVEL = 0;
				GCC_SYMBOLS_PRIVATE_EXTERN = NO;
				GCC_VERSION = 4.2;
				GCC_WARN_ABOUT_DEPRECATED_FUNCTIONS = NO;
				GCC_WARN_ABOUT_INVALID_OFFSETOF_MACRO = NO;
				GCC_WARN_ABOUT_POINTER_SIGNEDNESS = NO;
				GCC_WARN_ABOUT_RETURN_TYPE = YES;
				GCC_WARN_ALLOW_INCOMPLETE_PROTOCOL = NO;
				GCC_WARN_PROTOTYPE_CONVERSION = NO;
				GCC_WARN_UNUSED_VARIABLE = YES;
				IPHONEOS_DEPLOYMENT_TARGET = 4.1;
				MACOSX_DEPLOYMENT_TARGET = 10.6;
				ONLY_ACTIVE_ARCH = NO;
				PREBINDING = NO;
				PRODUCT_NAME = "";
				"PROVISIONING_PROFILE[sdk=iphoneos*]" = "";
				SDKROOT = iphoneos4.3;
				TARGETED_DEVICE_FAMILY = "1,2";
				WARNING_LDFLAGS = "-no_arch_warnings";
			};
			name = AdHoc;
		};
		DCECE72613F9C3F4006232BE /* AdHoc */ = {
			isa = XCBuildConfiguration;
			buildSettings = {
				ALWAYS_SEARCH_USER_PATHS = NO;
				CODE_SIGN_IDENTITY = "iPhone Distribution: Filip Visnjic";
				"CODE_SIGN_IDENTITY[sdk=iphoneos*]" = "iPhone Distribution: Filip Visnjic";
				GCC_PRECOMPILE_PREFIX_HEADER = YES;
				GCC_PREFIX_HEADER = iPhone_Prefix.pch;
				GCC_VERSION = 4.2;
				INFOPLIST_FILE = "ofxiphone-Info.plist";
				IPHONEOS_DEPLOYMENT_TARGET = 3.2;
				PRODUCT_NAME = SpringMesh;
				PROVISIONING_PROFILE = "69DA2FFA-7F16-40F1-BB51-A12236D34118";
				"PROVISIONING_PROFILE[sdk=iphoneos*]" = "69DA2FFA-7F16-40F1-BB51-A12236D34118";
				SDKROOT = iphoneos;
			};
			name = AdHoc;
		};
/* End XCBuildConfiguration section */

/* Begin XCConfigurationList section */
		1D6058960D05DD3E006BFB54 /* Build configuration list for PBXNativeTarget "SpringMesh" */ = {
			isa = XCConfigurationList;
			buildConfigurations = (
				1D6058940D05DD3E006BFB54 /* Debug */,
				DCECE72613F9C3F4006232BE /* AdHoc */,
				1D6058950D05DD3E006BFB54 /* Release */,
			);
			defaultConfigurationIsVisible = 0;
			defaultConfigurationName = Release;
		};
		C01FCF4E08A954540054247B /* Build configuration list for PBXProject "SpringMesh" */ = {
			isa = XCConfigurationList;
			buildConfigurations = (
				C01FCF4F08A954540054247B /* Debug */,
				DCECE72513F9C3F4006232BE /* AdHoc */,
				C01FCF5008A954540054247B /* Release */,
			);
			defaultConfigurationIsVisible = 0;
			defaultConfigurationName = Release;
		};
/* End XCConfigurationList section */
	};
	rootObject = 29B97313FDCFA39411CA2CEA /* Project object */;
}
